// !$*UTF8*$!
{
	archiveVersion = 1;
	classes = {
	};
	objectVersion = 55;
	objects = {

/* Begin PBXBuildFile section */
		555D7D3127DF965C00360508 /* FruitCardView.swift in Sources */ = {isa = PBXBuildFile; fileRef = 555D7D3027DF965C00360508 /* FruitCardView.swift */; };
		555D7D3327DFA36800360508 /* StartButtonView.swift in Sources */ = {isa = PBXBuildFile; fileRef = 555D7D3227DFA36800360508 /* StartButtonView.swift */; };
		555D7D3527DFA92C00360508 /* OnboardingView.swift in Sources */ = {isa = PBXBuildFile; fileRef = 555D7D3427DFA92C00360508 /* OnboardingView.swift */; };
		555D7D3827DFAF8F00360508 /* FruitModel.swift in Sources */ = {isa = PBXBuildFile; fileRef = 555D7D3727DFAF8F00360508 /* FruitModel.swift */; };
		555D7D3B27DFB13700360508 /* FruitData.swift in Sources */ = {isa = PBXBuildFile; fileRef = 555D7D3A27DFB13700360508 /* FruitData.swift */; };
		555D7D3D27DFBFAE00360508 /* FruitRowView.swift in Sources */ = {isa = PBXBuildFile; fileRef = 555D7D3C27DFBFAE00360508 /* FruitRowView.swift */; };
		555D7D3F27DFC5B000360508 /* FruitDetailView.swift in Sources */ = {isa = PBXBuildFile; fileRef = 555D7D3E27DFC5B000360508 /* FruitDetailView.swift */; };
		555D7D4127DFCBC600360508 /* FruitHeaderView.swift in Sources */ = {isa = PBXBuildFile; fileRef = 555D7D4027DFCBC600360508 /* FruitHeaderView.swift */; };
		555D7D4327DFCF4B00360508 /* SourceLinkView.swift in Sources */ = {isa = PBXBuildFile; fileRef = 555D7D4227DFCF4B00360508 /* SourceLinkView.swift */; };
		55DF3CB227D921C7005B5008 /* FructusApp.swift in Sources */ = {isa = PBXBuildFile; fileRef = 55DF3CB127D921C7005B5008 /* FructusApp.swift */; };
		55DF3CB427D921C7005B5008 /* ContentView.swift in Sources */ = {isa = PBXBuildFile; fileRef = 55DF3CB327D921C7005B5008 /* ContentView.swift */; };
		55DF3CB627D921C8005B5008 /* Assets.xcassets in Resources */ = {isa = PBXBuildFile; fileRef = 55DF3CB527D921C8005B5008 /* Assets.xcassets */; };
		55DF3CB927D921C8005B5008 /* Preview Assets.xcassets in Resources */ = {isa = PBXBuildFile; fileRef = 55DF3CB827D921C8005B5008 /* Preview Assets.xcassets */; };
		55F02B5027E114E50039D9E2 /* FruitNutrientsView.swift in Sources */ = {isa = PBXBuildFile; fileRef = 55F02B4F27E114E50039D9E2 /* FruitNutrientsView.swift */; };
		55F02B5227E128010039D9E2 /* SettingsView.swift in Sources */ = {isa = PBXBuildFile; fileRef = 55F02B5127E128010039D9E2 /* SettingsView.swift */; };
		55F02B5427E12DB90039D9E2 /* SettingsLabelView.swift in Sources */ = {isa = PBXBuildFile; fileRef = 55F02B5327E12DB90039D9E2 /* SettingsLabelView.swift */; };
/* End PBXBuildFile section */

/* Begin PBXFileReference section */
		555D7D3027DF965C00360508 /* FruitCardView.swift */ = {isa = PBXFileReference; lastKnownFileType = sourcecode.swift; path = FruitCardView.swift; sourceTree = "<group>"; };
		555D7D3227DFA36800360508 /* StartButtonView.swift */ = {isa = PBXFileReference; lastKnownFileType = sourcecode.swift; path = StartButtonView.swift; sourceTree = "<group>"; };
		555D7D3427DFA92C00360508 /* OnboardingView.swift */ = {isa = PBXFileReference; lastKnownFileType = sourcecode.swift; path = OnboardingView.swift; sourceTree = "<group>"; };
		555D7D3727DFAF8F00360508 /* FruitModel.swift */ = {isa = PBXFileReference; lastKnownFileType = sourcecode.swift; path = FruitModel.swift; sourceTree = "<group>"; };
		555D7D3A27DFB13700360508 /* FruitData.swift */ = {isa = PBXFileReference; lastKnownFileType = sourcecode.swift; path = FruitData.swift; sourceTree = "<group>"; };
		555D7D3C27DFBFAE00360508 /* FruitRowView.swift */ = {isa = PBXFileReference; lastKnownFileType = sourcecode.swift; path = FruitRowView.swift; sourceTree = "<group>"; };
		555D7D3E27DFC5B000360508 /* FruitDetailView.swift */ = {isa = PBXFileReference; lastKnownFileType = sourcecode.swift; path = FruitDetailView.swift; sourceTree = "<group>"; };
		555D7D4027DFCBC600360508 /* FruitHeaderView.swift */ = {isa = PBXFileReference; lastKnownFileType = sourcecode.swift; path = FruitHeaderView.swift; sourceTree = "<group>"; };
		555D7D4227DFCF4B00360508 /* SourceLinkView.swift */ = {isa = PBXFileReference; lastKnownFileType = sourcecode.swift; path = SourceLinkView.swift; sourceTree = "<group>"; };
		55DF3CAE27D921C7005B5008 /* Fructus.app */ = {isa = PBXFileReference; explicitFileType = wrapper.application; includeInIndex = 0; path = Fructus.app; sourceTree = BUILT_PRODUCTS_DIR; };
		55DF3CB127D921C7005B5008 /* FructusApp.swift */ = {isa = PBXFileReference; lastKnownFileType = sourcecode.swift; path = FructusApp.swift; sourceTree = "<group>"; };
		55DF3CB327D921C7005B5008 /* ContentView.swift */ = {isa = PBXFileReference; lastKnownFileType = sourcecode.swift; path = ContentView.swift; sourceTree = "<group>"; };
		55DF3CB527D921C8005B5008 /* Assets.xcassets */ = {isa = PBXFileReference; lastKnownFileType = folder.assetcatalog; path = Assets.xcassets; sourceTree = "<group>"; };
		55DF3CB827D921C8005B5008 /* Preview Assets.xcassets */ = {isa = PBXFileReference; lastKnownFileType = folder.assetcatalog; path = "Preview Assets.xcassets"; sourceTree = "<group>"; };
		55F02B4F27E114E50039D9E2 /* FruitNutrientsView.swift */ = {isa = PBXFileReference; lastKnownFileType = sourcecode.swift; path = FruitNutrientsView.swift; sourceTree = "<group>"; };
		55F02B5127E128010039D9E2 /* SettingsView.swift */ = {isa = PBXFileReference; lastKnownFileType = sourcecode.swift; path = SettingsView.swift; sourceTree = "<group>"; };
		55F02B5327E12DB90039D9E2 /* SettingsLabelView.swift */ = {isa = PBXFileReference; lastKnownFileType = sourcecode.swift; path = SettingsLabelView.swift; sourceTree = "<group>"; };
/* End PBXFileReference section */

/* Begin PBXFrameworksBuildPhase section */
		55DF3CAB27D921C7005B5008 /* Frameworks */ = {
			isa = PBXFrameworksBuildPhase;
			buildActionMask = 2147483647;
			files = (
			);
			runOnlyForDeploymentPostprocessing = 0;
		};
/* End PBXFrameworksBuildPhase section */

/* Begin PBXGroup section */
		555D7D2E27DF956A00360508 /* App */ = {
			isa = PBXGroup;
			children = (
				55DF3CB127D921C7005B5008 /* FructusApp.swift */,
				55DF3CB327D921C7005B5008 /* ContentView.swift */,
				555D7D3427DFA92C00360508 /* OnboardingView.swift */,
				555D7D3E27DFC5B000360508 /* FruitDetailView.swift */,
				55F02B5127E128010039D9E2 /* SettingsView.swift */,
			);
			path = App;
			sourceTree = "<group>";
		};
		555D7D2F27DF95A400360508 /* View */ = {
			isa = PBXGroup;
			children = (
				555D7D3027DF965C00360508 /* FruitCardView.swift */,
				555D7D3227DFA36800360508 /* StartButtonView.swift */,
				555D7D3C27DFBFAE00360508 /* FruitRowView.swift */,
				555D7D4027DFCBC600360508 /* FruitHeaderView.swift */,
				555D7D4227DFCF4B00360508 /* SourceLinkView.swift */,
				55F02B4F27E114E50039D9E2 /* FruitNutrientsView.swift */,
				55F02B5327E12DB90039D9E2 /* SettingsLabelView.swift */,
			);
			path = View;
			sourceTree = "<group>";
		};
		555D7D3627DFAF7800360508 /* Model */ = {
			isa = PBXGroup;
			children = (
				555D7D3727DFAF8F00360508 /* FruitModel.swift */,
			);
			path = Model;
			sourceTree = "<group>";
		};
		555D7D3927DFB12100360508 /* Data */ = {
			isa = PBXGroup;
			children = (
				555D7D3A27DFB13700360508 /* FruitData.swift */,
			);
			path = Data;
			sourceTree = "<group>";
		};
		55DF3CA527D921C7005B5008 = {
			isa = PBXGroup;
			children = (
				55DF3CB027D921C7005B5008 /* Fructus */,
				55DF3CAF27D921C7005B5008 /* Products */,
			);
			sourceTree = "<group>";
		};
		55DF3CAF27D921C7005B5008 /* Products */ = {
			isa = PBXGroup;
			children = (
				55DF3CAE27D921C7005B5008 /* Fructus.app */,
			);
			name = Products;
			sourceTree = "<group>";
		};
		55DF3CB027D921C7005B5008 /* Fructus */ = {
			isa = PBXGroup;
			children = (
				555D7D3927DFB12100360508 /* Data */,
				555D7D3627DFAF7800360508 /* Model */,
				555D7D2F27DF95A400360508 /* View */,
				555D7D2E27DF956A00360508 /* App */,
				55DF3CB527D921C8005B5008 /* Assets.xcassets */,
				55DF3CB727D921C8005B5008 /* Preview Content */,
			);
			path = Fructus;
			sourceTree = "<group>";
		};
		55DF3CB727D921C8005B5008 /* Preview Content */ = {
			isa = PBXGroup;
			children = (
				55DF3CB827D921C8005B5008 /* Preview Assets.xcassets */,
			);
			path = "Preview Content";
			sourceTree = "<group>";
		};
/* End PBXGroup section */

/* Begin PBXNativeTarget section */
		55DF3CAD27D921C7005B5008 /* Fructus */ = {
			isa = PBXNativeTarget;
			buildConfigurationList = 55DF3CBC27D921C8005B5008 /* Build configuration list for PBXNativeTarget "Fructus" */;
			buildPhases = (
				55DF3CAA27D921C7005B5008 /* Sources */,
				55DF3CAB27D921C7005B5008 /* Frameworks */,
				55DF3CAC27D921C7005B5008 /* Resources */,
			);
			buildRules = (
			);
			dependencies = (
			);
			name = Fructus;
			productName = Fructus;
			productReference = 55DF3CAE27D921C7005B5008 /* Fructus.app */;
			productType = "com.apple.product-type.application";
		};
/* End PBXNativeTarget section */

/* Begin PBXProject section */
		55DF3CA627D921C7005B5008 /* Project object */ = {
			isa = PBXProject;
			attributes = {
				BuildIndependentTargetsInParallel = 1;
				LastSwiftUpdateCheck = 1320;
				LastUpgradeCheck = 1320;
				TargetAttributes = {
					55DF3CAD27D921C7005B5008 = {
						CreatedOnToolsVersion = 13.2.1;
					};
				};
			};
			buildConfigurationList = 55DF3CA927D921C7005B5008 /* Build configuration list for PBXProject "Fructus" */;
			compatibilityVersion = "Xcode 13.0";
			developmentRegion = en;
			hasScannedForEncodings = 0;
			knownRegions = (
				en,
				Base,
			);
			mainGroup = 55DF3CA527D921C7005B5008;
			productRefGroup = 55DF3CAF27D921C7005B5008 /* Products */;
			projectDirPath = "";
			projectRoot = "";
			targets = (
				55DF3CAD27D921C7005B5008 /* Fructus */,
			);
		};
/* End PBXProject section */

/* Begin PBXResourcesBuildPhase section */
		55DF3CAC27D921C7005B5008 /* Resources */ = {
			isa = PBXResourcesBuildPhase;
			buildActionMask = 2147483647;
			files = (
				55DF3CB927D921C8005B5008 /* Preview Assets.xcassets in Resources */,
				55DF3CB627D921C8005B5008 /* Assets.xcassets in Resources */,
			);
			runOnlyForDeploymentPostprocessing = 0;
		};
/* End PBXResourcesBuildPhase section */

/* Begin PBXSourcesBuildPhase section */
		55DF3CAA27D921C7005B5008 /* Sources */ = {
			isa = PBXSourcesBuildPhase;
			buildActionMask = 2147483647;
			files = (
				555D7D3B27DFB13700360508 /* FruitData.swift in Sources */,
				555D7D4327DFCF4B00360508 /* SourceLinkView.swift in Sources */,
				555D7D3127DF965C00360508 /* FruitCardView.swift in Sources */,
				555D7D3327DFA36800360508 /* StartButtonView.swift in Sources */,
				55F02B5027E114E50039D9E2 /* FruitNutrientsView.swift in Sources */,
				555D7D3D27DFBFAE00360508 /* FruitRowView.swift in Sources */,
				555D7D3F27DFC5B000360508 /* FruitDetailView.swift in Sources */,
				55DF3CB427D921C7005B5008 /* ContentView.swift in Sources */,
				555D7D4127DFCBC600360508 /* FruitHeaderView.swift in Sources */,
				555D7D3527DFA92C00360508 /* OnboardingView.swift in Sources */,
				55F02B5427E12DB90039D9E2 /* SettingsLabelView.swift in Sources */,
				555D7D3827DFAF8F00360508 /* FruitModel.swift in Sources */,
				55DF3CB227D921C7005B5008 /* FructusApp.swift in Sources */,
				55F02B5227E128010039D9E2 /* SettingsView.swift in Sources */,
			);
			runOnlyForDeploymentPostprocessing = 0;
		};
/* End PBXSourcesBuildPhase section */

/* Begin XCBuildConfiguration section */
		55DF3CBA27D921C8005B5008 /* Debug */ = {
			isa = XCBuildConfiguration;
			buildSettings = {
				ALWAYS_SEARCH_USER_PATHS = NO;
				CLANG_ANALYZER_NONNULL = YES;
				CLANG_ANALYZER_NUMBER_OBJECT_CONVERSION = YES_AGGRESSIVE;
				CLANG_CXX_LANGUAGE_STANDARD = "gnu++17";
				CLANG_CXX_LIBRARY = "libc++";
				CLANG_ENABLE_MODULES = YES;
				CLANG_ENABLE_OBJC_ARC = YES;
				CLANG_ENABLE_OBJC_WEAK = YES;
				CLANG_WARN_BLOCK_CAPTURE_AUTORELEASING = YES;
				CLANG_WARN_BOOL_CONVERSION = YES;
				CLANG_WARN_COMMA = YES;
				CLANG_WARN_CONSTANT_CONVERSION = YES;
				CLANG_WARN_DEPRECATED_OBJC_IMPLEMENTATIONS = YES;
				CLANG_WARN_DIRECT_OBJC_ISA_USAGE = YES_ERROR;
				CLANG_WARN_DOCUMENTATION_COMMENTS = YES;
				CLANG_WARN_EMPTY_BODY = YES;
				CLANG_WARN_ENUM_CONVERSION = YES;
				CLANG_WARN_INFINITE_RECURSION = YES;
				CLANG_WARN_INT_CONVERSION = YES;
				CLANG_WARN_NON_LITERAL_NULL_CONVERSION = YES;
				CLANG_WARN_OBJC_IMPLICIT_RETAIN_SELF = YES;
				CLANG_WARN_OBJC_LITERAL_CONVERSION = YES;
				CLANG_WARN_OBJC_ROOT_CLASS = YES_ERROR;
				CLANG_WARN_QUOTED_INCLUDE_IN_FRAMEWORK_HEADER = YES;
				CLANG_WARN_RANGE_LOOP_ANALYSIS = YES;
				CLANG_WARN_STRICT_PROTOTYPES = YES;
				CLANG_WARN_SUSPICIOUS_MOVE = YES;
				CLANG_WARN_UNGUARDED_AVAILABILITY = YES_AGGRESSIVE;
				CLANG_WARN_UNREACHABLE_CODE = YES;
				CLANG_WARN__DUPLICATE_METHOD_MATCH = YES;
				COPY_PHASE_STRIP = NO;
				DEBUG_INFORMATION_FORMAT = dwarf;
				ENABLE_STRICT_OBJC_MSGSEND = YES;
				ENABLE_TESTABILITY = YES;
				GCC_C_LANGUAGE_STANDARD = gnu11;
				GCC_DYNAMIC_NO_PIC = NO;
				GCC_NO_COMMON_BLOCKS = YES;
				GCC_OPTIMIZATION_LEVEL = 0;
				GCC_PREPROCESSOR_DEFINITIONS = (
					"DEBUG=1",
					"$(inherited)",
				);
				GCC_WARN_64_TO_32_BIT_CONVERSION = YES;
				GCC_WARN_ABOUT_RETURN_TYPE = YES_ERROR;
				GCC_WARN_UNDECLARED_SELECTOR = YES;
				GCC_WARN_UNINITIALIZED_AUTOS = YES_AGGRESSIVE;
				GCC_WARN_UNUSED_FUNCTION = YES;
				GCC_WARN_UNUSED_VARIABLE = YES;
				IPHONEOS_DEPLOYMENT_TARGET = 15.2;
				MTL_ENABLE_DEBUG_INFO = INCLUDE_SOURCE;
				MTL_FAST_MATH = YES;
				ONLY_ACTIVE_ARCH = YES;
				SDKROOT = iphoneos;
				SWIFT_ACTIVE_COMPILATION_CONDITIONS = DEBUG;
				SWIFT_OPTIMIZATION_LEVEL = "-Onone";
			};
			name = Debug;
		};
		55DF3CBB27D921C8005B5008 /* Release */ = {
			isa = XCBuildConfiguration;
			buildSettings = {
				ALWAYS_SEARCH_USER_PATHS = NO;
				CLANG_ANALYZER_NONNULL = YES;
				CLANG_ANALYZER_NUMBER_OBJECT_CONVERSION = YES_AGGRESSIVE;
				CLANG_CXX_LANGUAGE_STANDARD = "gnu++17";
				CLANG_CXX_LIBRARY = "libc++";
				CLANG_ENABLE_MODULES = YES;
				CLANG_ENABLE_OBJC_ARC = YES;
				CLANG_ENABLE_OBJC_WEAK = YES;
				CLANG_WARN_BLOCK_CAPTURE_AUTORELEASING = YES;
				CLANG_WARN_BOOL_CONVERSION = YES;
				CLANG_WARN_COMMA = YES;
				CLANG_WARN_CONSTANT_CONVERSION = YES;
				CLANG_WARN_DEPRECATED_OBJC_IMPLEMENTATIONS = YES;
				CLANG_WARN_DIRECT_OBJC_ISA_USAGE = YES_ERROR;
				CLANG_WARN_DOCUMENTATION_COMMENTS = YES;
				CLANG_WARN_EMPTY_BODY = YES;
				CLANG_WARN_ENUM_CONVERSION = YES;
				CLANG_WARN_INFINITE_RECURSION = YES;
				CLANG_WARN_INT_CONVERSION = YES;
				CLANG_WARN_NON_LITERAL_NULL_CONVERSION = YES;
				CLANG_WARN_OBJC_IMPLICIT_RETAIN_SELF = YES;
				CLANG_WARN_OBJC_LITERAL_CONVERSION = YES;
				CLANG_WARN_OBJC_ROOT_CLASS = YES_ERROR;
				CLANG_WARN_QUOTED_INCLUDE_IN_FRAMEWORK_HEADER = YES;
				CLANG_WARN_RANGE_LOOP_ANALYSIS = YES;
				CLANG_WARN_STRICT_PROTOTYPES = YES;
				CLANG_WARN_SUSPICIOUS_MOVE = YES;
				CLANG_WARN_UNGUARDED_AVAILABILITY = YES_AGGRESSIVE;
				CLANG_WARN_UNREACHABLE_CODE = YES;
				CLANG_WARN__DUPLICATE_METHOD_MATCH = YES;
				COPY_PHASE_STRIP = NO;
				DEBUG_INFORMATION_FORMAT = "dwarf-with-dsym";
				ENABLE_NS_ASSERTIONS = NO;
				ENABLE_STRICT_OBJC_MSGSEND = YES;
				GCC_C_LANGUAGE_STANDARD = gnu11;
				GCC_NO_COMMON_BLOCKS = YES;
				GCC_WARN_64_TO_32_BIT_CONVERSION = YES;
				GCC_WARN_ABOUT_RETURN_TYPE = YES_ERROR;
				GCC_WARN_UNDECLARED_SELECTOR = YES;
				GCC_WARN_UNINITIALIZED_AUTOS = YES_AGGRESSIVE;
				GCC_WARN_UNUSED_FUNCTION = YES;
				GCC_WARN_UNUSED_VARIABLE = YES;
				IPHONEOS_DEPLOYMENT_TARGET = 15.2;
				MTL_ENABLE_DEBUG_INFO = NO;
				MTL_FAST_MATH = YES;
				SDKROOT = iphoneos;
				SWIFT_COMPILATION_MODE = wholemodule;
				SWIFT_OPTIMIZATION_LEVEL = "-O";
				VALIDATE_PRODUCT = YES;
			};
			name = Release;
		};
		55DF3CBD27D921C8005B5008 /* Debug */ = {
			isa = XCBuildConfiguration;
			buildSettings = {
				ASSETCATALOG_COMPILER_APPICON_NAME = AppIcon;
				ASSETCATALOG_COMPILER_GLOBAL_ACCENT_COLOR_NAME = AccentColor;
				CODE_SIGN_STYLE = Automatic;
				CURRENT_PROJECT_VERSION = 1;
				DEVELOPMENT_ASSET_PATHS = "\"Fructus/Preview Content\"";
				ENABLE_PREVIEWS = YES;
				GENERATE_INFOPLIST_FILE = YES;
				INFOPLIST_KEY_UIApplicationSceneManifest_Generation = YES;
				INFOPLIST_KEY_UIApplicationSupportsIndirectInputEvents = YES;
				INFOPLIST_KEY_UILaunchScreen_Generation = YES;
				INFOPLIST_KEY_UISupportedInterfaceOrientations = UIInterfaceOrientationPortrait;
				INFOPLIST_KEY_UISupportedInterfaceOrientations_iPad = "UIInterfaceOrientationPortrait UIInterfaceOrientationPortraitUpsideDown UIInterfaceOrientationLandscapeLeft UIInterfaceOrientationLandscapeRight";
				INFOPLIST_KEY_UISupportedInterfaceOrientations_iPhone = "UIInterfaceOrientationPortrait UIInterfaceOrientationLandscapeLeft UIInterfaceOrientationLandscapeRight";
				LD_RUNPATH_SEARCH_PATHS = (
					"$(inherited)",
					"@executable_path/Frameworks",
				);
				MARKETING_VERSION = 1.0;
				PRODUCT_BUNDLE_IDENTIFIER = com.andrej.dev.Fructus;
				PRODUCT_NAME = "$(TARGET_NAME)";
				SWIFT_EMIT_LOC_STRINGS = YES;
				SWIFT_VERSION = 5.0;
				TARGETED_DEVICE_FAMILY = "1,2";
			};
			name = Debug;
		};
		55DF3CBE27D921C8005B5008 /* Release */ = {
			isa = XCBuildConfiguration;
			buildSettings = {
				ASSETCATALOG_COMPILER_APPICON_NAME = AppIcon;
				ASSETCATALOG_COMPILER_GLOBAL_ACCENT_COLOR_NAME = AccentColor;
				CODE_SIGN_STYLE = Automatic;
				CURRENT_PROJECT_VERSION = 1;
				DEVELOPMENT_ASSET_PATHS = "\"Fructus/Preview Content\"";
				ENABLE_PREVIEWS = YES;
				GENERATE_INFOPLIST_FILE = YES;
				INFOPLIST_KEY_UIApplicationSceneManifest_Generation = YES;
				INFOPLIST_KEY_UIApplicationSupportsIndirectInputEvents = YES;
				INFOPLIST_KEY_UILaunchScreen_Generation = YES;
				INFOPLIST_KEY_UISupportedInterfaceOrientations = UIInterfaceOrientationPortrait;
				INFOPLIST_KEY_UISupportedInterfaceOrientations_iPad = "UIInterfaceOrientationPortrait UIInterfaceOrientationPortraitUpsideDown UIInterfaceOrientationLandscapeLeft UIInterfaceOrientationLandscapeRight";
				INFOPLIST_KEY_UISupportedInterfaceOrientations_iPhone = "UIInterfaceOrientationPortrait UIInterfaceOrientationLandscapeLeft UIInterfaceOrientationLandscapeRight";
				LD_RUNPATH_SEARCH_PATHS = (
					"$(inherited)",
					"@executable_path/Frameworks",
				);
				MARKETING_VERSION = 1.0;
				PRODUCT_BUNDLE_IDENTIFIER = com.andrej.dev.Fructus;
				PRODUCT_NAME = "$(TARGET_NAME)";
				SWIFT_EMIT_LOC_STRINGS = YES;
				SWIFT_VERSION = 5.0;
				TARGETED_DEVICE_FAMILY = "1,2";
			};
			name = Release;
		};
/* End XCBuildConfiguration section */

/* Begin XCConfigurationList section */
		55DF3CA927D921C7005B5008 /* Build configuration list for PBXProject "Fructus" */ = {
			isa = XCConfigurationList;
			buildConfigurations = (
				55DF3CBA27D921C8005B5008 /* Debug */,
				55DF3CBB27D921C8005B5008 /* Release */,
			);
			defaultConfigurationIsVisible = 0;
			defaultConfigurationName = Release;
		};
		55DF3CBC27D921C8005B5008 /* Build configuration list for PBXNativeTarget "Fructus" */ = {
			isa = XCConfigurationList;
			buildConfigurations = (
				55DF3CBD27D921C8005B5008 /* Debug */,
				55DF3CBE27D921C8005B5008 /* Release */,
			);
			defaultConfigurationIsVisible = 0;
			defaultConfigurationName = Release;
		};
/* End XCConfigurationList section */
	};
	rootObject = 55DF3CA627D921C7005B5008 /* Project object */;
}
